{
  "name": "link",
  "version": "1.0.0",
  "lockfileVersion": 3,
  "requires": true,
  "packages": {
    "": {
      "name": "link",
      "version": "1.0.0",
      "license": "ISC",
      "dependencies": {
        "midash": "^0.9.1"
      }
    },
    "node_modules/midash": {
      "version": "0.9.1",
      "resolved": "https://registry.npmjs.org/midash/-/midash-0.9.1.tgz",
      "integrity": "sha512-XzzS0w4RPkTc64G1Us5H2aM62N3dq/yPTW53ZnvwTE4rMTYM1RAPINsjG+pVriu+u6G2i+n7VCv8+C6MFtYnIA==",
      "engines": {
        "node": ">=14"
      }
    }
  }
}
