{
  "name": "audit",
  "version": "1.0.0",
  "lockfileVersion": 2,
  "requires": true,
  "packages": {
    "": {
      "name": "audit",
      "version": "1.0.0",
      "license": "ISC",
      "dependencies": {
        "lodash": "^4.0.0"
      }
    },
    "node_modules/lodash": {
      "version": "4.0.0",
      "resolved": "https://registry.npmjs.org/lodash/-/lodash-4.0.0.tgz",
      "integrity": "sha1-msQ4RMWV4o0wEIt7pYNwM5WSLfw="
    }
  },
  "dependencies": {
    "lodash": {
      "version": "4.0.0",
      "resolved": "https://registry.npmjs.org/lodash/-/lodash-4.0.0.tgz",
      "integrity": "sha1-msQ4RMWV4o0wEIt7pYNwM5WSLfw="
    }
  }
}
