# THIS IS AN AUTOGENERATED FILE. DO NOT EDIT THIS FILE DIRECTLY.
# yarn lockfile v1


"ansi-regex@^4.1.0":
  "integrity" "sha512-1apePfXM1UOSqw0o9IiFAovVz9M5S1Dg+4TrDwfMewQ6p/rmMueb7tWZjQ1rx4Loy1ArBggoqGpfqqdI4rondg=="
  "resolved" "https://registry.npmjs.org/ansi-regex/-/ansi-regex-4.1.0.tgz"
  "version" "4.1.0"

"ansi-regex@^6.0.1":
  "integrity" "sha512-n5M855fKb2SsfMIiFFoVrABHJC8QtHwVx+mHWP3QcEqBHYienj5dHSgjbxtC0WEZXYt4wcD6zrQElDPhFuZgfA=="
  "resolved" "https://registry.npmjs.org/ansi-regex/-/ansi-regex-6.0.1.tgz"
  "version" "6.0.1"

"has-ansi@^4.0.0":
  "integrity" "sha512-Qr4RtTm30xvEdqUXbSBVWDu+PrTokJOwe/FU+VdfJPk+MXAPoeOzKpRyrDTnZIJwAkQ4oBLTU53nu0HrkF/Z2A=="
  "resolved" "https://registry.npmjs.org/has-ansi/-/has-ansi-4.0.1.tgz"
  "version" "4.0.1"
  dependencies:
    "ansi-regex" "^4.1.0"

"strip-ansi@^7.0.1":
  "integrity" "sha512-cXNxvT8dFNRVfhVME3JAe98mkXDYN2O1l7jmcwMnOslDeESg1rF/OZMtK0nRAhiari1unG5cD4jG3rapUAkLbw=="
  "resolved" "https://registry.npmjs.org/strip-ansi/-/strip-ansi-7.0.1.tgz"
  "version" "7.0.1"
  dependencies:
    "ansi-regex" "^6.0.1"
